
Microsoft Visual Studio Solution File, Format Version 12.00
# Visual Studio 15
VisualStudioVersion = 15.0.28010.2046
MinimumVisualStudioVersion = 10.0.40219.1
Project("{FAE04EC0-301F-11D3-BF4B-00C04F79EFBC}") = "YiSoFramework", "YiSoFramework\YiSoFramework.csproj", "{1935A139-E627-472D-BD40-CDA5EB4E42D1}"
EndProject
Project("{FAE04EC0-301F-11D3-BF4B-00C04F79EFBC}") = "YiSoFramwork.Test", "YiSoFramwork.Test\YiSoFramwork.Test.csproj", "{AAC62C85-B241-4809-B42C-27055DBA9F7D}"
EndProject
Project("{FAE04EC0-301F-11D3-BF4B-00C04F79EFBC}") = "YiSoFramework.UI", "YiSoFramewrok.UI\YiSoFramework.UI.csproj", "{C6522DCE-8965-44AF-A55A-5D7790BB00CC}"
EndProject
Project("{FAE04EC0-301F-11D3-BF4B-00C04F79EFBC}") = "YiSoFramework.Animation", "YiSoFramework.UI.Animation\YiSoFramework.Animation.csproj", "{2F08509F-54B7-4E23-A5C2-7DFF9251CDEC}"
EndProject
Global
	GlobalSection(SolutionConfigurationPlatforms) = preSolution
		Debug|Any CPU = Debug|Any CPU
		Debug|x86 = Debug|x86
		Release|Any CPU = Release|Any CPU
		Release|x86 = Release|x86
	EndGlobalSection
	GlobalSection(ProjectConfigurationPlatforms) = postSolution
		{1935A139-E627-472D-BD40-CDA5EB4E42D1}.Debug|Any CPU.ActiveCfg = Debug|Any CPU
		{1935A139-E627-472D-BD40-CDA5EB4E42D1}.Debug|Any CPU.Build.0 = Debug|Any CPU
		{1935A139-E627-472D-BD40-CDA5EB4E42D1}.Debug|x86.ActiveCfg = Debug|Any CPU
		{1935A139-E627-472D-BD40-CDA5EB4E42D1}.Debug|x86.Build.0 = Debug|Any CPU
		{1935A139-E627-472D-BD40-CDA5EB4E42D1}.Release|Any CPU.ActiveCfg = Release|Any CPU
		{1935A139-E627-472D-BD40-CDA5EB4E42D1}.Release|Any CPU.Build.0 = Release|Any CPU
		{1935A139-E627-472D-BD40-CDA5EB4E42D1}.Release|x86.ActiveCfg = Release|Any CPU
		{1935A139-E627-472D-BD40-CDA5EB4E42D1}.Release|x86.Build.0 = Release|Any CPU
		{AAC62C85-B241-4809-B42C-27055DBA9F7D}.Debug|Any CPU.ActiveCfg = Debug|Any CPU
		{AAC62C85-B241-4809-B42C-27055DBA9F7D}.Debug|Any CPU.Build.0 = Debug|Any CPU
		{AAC62C85-B241-4809-B42C-27055DBA9F7D}.Debug|x86.ActiveCfg = Debug|Any CPU
		{AAC62C85-B241-4809-B42C-27055DBA9F7D}.Debug|x86.Build.0 = Debug|Any CPU
		{AAC62C85-B241-4809-B42C-27055DBA9F7D}.Release|Any CPU.ActiveCfg = Release|Any CPU
		{AAC62C85-B241-4809-B42C-27055DBA9F7D}.Release|Any CPU.Build.0 = Release|Any CPU
		{AAC62C85-B241-4809-B42C-27055DBA9F7D}.Release|x86.ActiveCfg = Release|Any CPU
		{AAC62C85-B241-4809-B42C-27055DBA9F7D}.Release|x86.Build.0 = Release|Any CPU
		{C6522DCE-8965-44AF-A55A-5D7790BB00CC}.Debug|Any CPU.ActiveCfg = Debug|Any CPU
		{C6522DCE-8965-44AF-A55A-5D7790BB00CC}.Debug|Any CPU.Build.0 = Debug|Any CPU
		{C6522DCE-8965-44AF-A55A-5D7790BB00CC}.Debug|x86.ActiveCfg = Debug|Any CPU
		{C6522DCE-8965-44AF-A55A-5D7790BB00CC}.Debug|x86.Build.0 = Debug|Any CPU
		{C6522DCE-8965-44AF-A55A-5D7790BB00CC}.Release|Any CPU.ActiveCfg = Release|Any CPU
		{C6522DCE-8965-44AF-A55A-5D7790BB00CC}.Release|Any CPU.Build.0 = Release|Any CPU
		{C6522DCE-8965-44AF-A55A-5D7790BB00CC}.Release|x86.ActiveCfg = Release|Any CPU
		{C6522DCE-8965-44AF-A55A-5D7790BB00CC}.Release|x86.Build.0 = Release|Any CPU
		{2F08509F-54B7-4E23-A5C2-7DFF9251CDEC}.Debug|Any CPU.ActiveCfg = Debug|Any CPU
		{2F08509F-54B7-4E23-A5C2-7DFF9251CDEC}.Debug|Any CPU.Build.0 = Debug|Any CPU
		{2F08509F-54B7-4E23-A5C2-7DFF9251CDEC}.Debug|x86.ActiveCfg = Debug|Any CPU
		{2F08509F-54B7-4E23-A5C2-7DFF9251CDEC}.Debug|x86.Build.0 = Debug|Any CPU
		{2F08509F-54B7-4E23-A5C2-7DFF9251CDEC}.Release|Any CPU.ActiveCfg = Release|Any CPU
		{2F08509F-54B7-4E23-A5C2-7DFF9251CDEC}.Release|Any CPU.Build.0 = Release|Any CPU
		{2F08509F-54B7-4E23-A5C2-7DFF9251CDEC}.Release|x86.ActiveCfg = Release|Any CPU
		{2F08509F-54B7-4E23-A5C2-7DFF9251CDEC}.Release|x86.Build.0 = Release|Any CPU
	EndGlobalSection
	GlobalSection(SolutionProperties) = preSolution
		HideSolutionNode = FALSE
	EndGlobalSection
	GlobalSection(ExtensibilityGlobals) = postSolution
		SolutionGuid = {CFDB665E-E7E7-4EDF-93DC-A88D45720209}
	EndGlobalSection
EndGlobal
